
Microsoft Visual Studio Solution File, Format Version 12.00
# Visual Studio Version 17
VisualStudioVersion = 17.14.36623.8 d17.14
MinimumVisualStudioVersion = 10.0.40219.1
Project("{FAE04EC0-301F-11D3-BF4B-00C04F79EFBC}") = "src", "src.csproj", "{74B5FBB8-853C-4ED2-A5E5-885E5BCBB59F}"
EndProject
Global
	GlobalSection(SolutionConfigurationPlatforms) = preSolution
		Debug|Any CPU = Debug|Any CPU
		Release|Any CPU = Release|Any CPU
	EndGlobalSection
	GlobalSection(ProjectConfigurationPlatforms) = postSolution
		{74B5FBB8-853C-4ED2-A5E5-885E5BCBB59F}.Debug|Any CPU.ActiveCfg = Debug|Any CPU
		{74B5FBB8-853C-4ED2-A5E5-885E5BCBB59F}.Debug|Any CPU.Build.0 = Debug|Any CPU
		{74B5FBB8-853C-4ED2-A5E5-885E5BCBB59F}.Release|Any CPU.ActiveCfg = Release|Any CPU
		{74B5FBB8-853C-4ED2-A5E5-885E5BCBB59F}.Release|Any CPU.Build.0 = Release|Any CPU
	EndGlobalSection
	GlobalSection(SolutionProperties) = preSolution
		HideSolutionNode = FALSE
	EndGlobalSection
	GlobalSection(ExtensibilityGlobals) = postSolution
		SolutionGuid = {408B3864-4DC5-4842-B031-2CF21613E045}
	EndGlobalSection
EndGlobal
